{
	"name": "@hugoalh/trigger-ifttt-webhook-applet-ghaction",
	"version": "4.1.2",
	"lockfileVersion": 2,
	"requires": true,
	"packages": {
		"": {
			"name": "@hugoalh/trigger-ifttt-webhook-applet-ghaction",
			"version": "4.1.2",
			"license": "MIT",
			"dependencies": {
				"@actions/core": "^1.8.2",
				"@hugoalh/advanced-determine": "^7.0.1",
				"@hugoalh/more-method": "^0.7.0",
				"node-fetch": "^3.2.4"
			},
			"engines": {
				"node": ">= 14.15.0",
				"npm": ">= 6.14.8"
			}
		},
		"node_modules/@actions/core": {
			"version": "1.8.2",
			"resolved": "https://registry.npmjs.org/@actions/core/-/core-1.8.2.tgz",
			"integrity": "sha512-FXcBL7nyik8K5ODeCKlxi+vts7torOkoDAKfeh61EAkAy1HAvwn9uVzZBY0f15YcQTcZZ2/iSGBFHEuioZWfDA==",
			"dependencies": {
				"@actions/http-client": "^2.0.1"
			}
		},
		"node_modules/@actions/http-client": {
			"version": "2.0.1",
			"resolved": "https://registry.npmjs.org/@actions/http-client/-/http-client-2.0.1.tgz",
			"integrity": "sha512-PIXiMVtz6VvyaRsGY268qvj57hXQEpsYogYOu2nrQhlf+XCGmZstmuZBbAybUl1nQGnvS1k1eEsQ69ZoD7xlSw==",
			"dependencies": {
				"tunnel": "^0.0.6"
			}
		},
		"node_modules/@hugoalh/advanced-determine": {
			"version": "7.0.1",
			"resolved": "https://registry.npmjs.org/@hugoalh/advanced-determine/-/advanced-determine-7.0.1.tgz",
			"integrity": "sha512-HCD21qJ8td5xi3a2KNevQ4m/ey6KJK8tj8gRGzq8HpqweoJhRKS4hP6O7rnnbU9dbnAtU8o5515dDdJQBHyUmQ==",
			"dependencies": {
				"@hugoalh/undefinish": "^1.0.9"
			},
			"engines": {
				"node": ">= 14.15.0",
				"npm": ">= 6.14.8"
			}
		},
		"node_modules/@hugoalh/more-method": {
			"version": "0.7.0",
			"resolved": "https://registry.npmjs.org/@hugoalh/more-method/-/more-method-0.7.0.tgz",
			"integrity": "sha512-VcRKppvVaIOX74bdmSSXVMWn/v9LdU82nYTwUEZBYO4gLQsZ+wxeDCVwe9yWPjXD9zxmaxSCW2qAWORYd8GE/w==",
			"dependencies": {
				"@hugoalh/advanced-determine": "^7.0.0",
				"@hugoalh/repattern": "^0.6.0",
				"@hugoalh/undefinish": "^1.0.7",
				"ansi-regex": "^6.0.1",
				"char-regex": "^2.0.0",
				"emoji-regex": "^10.0.0",
				"is-fullwidth-code-point": "^4.0.0"
			},
			"engines": {
				"node": ">= 14.15.0",
				"npm": ">= 6.14.8"
			}
		},
		"node_modules/@hugoalh/repattern": {
			"version": "0.6.0",
			"resolved": "https://registry.npmjs.org/@hugoalh/repattern/-/repattern-0.6.0.tgz",
			"integrity": "sha512-wESHGZsrCyz+XYitGdHjju5jE2qIio+MaHZhH5PtPufyP/f/yUfXRi/IFKG+My2A5Q601TFeRgzw9+tUcJHs9w==",
			"dependencies": {
				"@hugoalh/advanced-determine": "^7.0.0",
				"@hugoalh/undefinish": "^1.0.7"
			},
			"engines": {
				"node": ">= 14.15.0",
				"npm": ">= 6.14.8"
			}
		},
		"node_modules/@hugoalh/undefinish": {
			"version": "1.0.9",
			"resolved": "https://registry.npmjs.org/@hugoalh/undefinish/-/undefinish-1.0.9.tgz",
			"integrity": "sha512-KYDSdesxkcErKtJALdZyX00xNLX1XZwUdnkh1E5NAehXWGtzLGVCMJQYcDlJj97REZGAbLinqnbu/e4fxen8wQ==",
			"engines": {
				"node": ">= 6.9.0",
				"npm": ">= 3.10.8"
			}
		},
		"node_modules/ansi-regex": {
			"version": "6.0.1",
			"resolved": "https://registry.npmjs.org/ansi-regex/-/ansi-regex-6.0.1.tgz",
			"integrity": "sha512-n5M855fKb2SsfMIiFFoVrABHJC8QtHwVx+mHWP3QcEqBHYienj5dHSgjbxtC0WEZXYt4wcD6zrQElDPhFuZgfA==",
			"engines": {
				"node": ">=12"
			},
			"funding": {
				"url": "https://github.com/chalk/ansi-regex?sponsor=1"
			}
		},
		"node_modules/char-regex": {
			"version": "2.0.0",
			"resolved": "https://registry.npmjs.org/char-regex/-/char-regex-2.0.0.tgz",
			"integrity": "sha512-oGu2QekBMXgyQNWPDRQ001bjvDnZe4/zBTz37TMbiKz1NbNiyiH5hRkobe7npRN6GfbGbxMYFck/vQ1r9c1VMA==",
			"engines": {
				"node": ">=12.20"
			}
		},
		"node_modules/data-uri-to-buffer": {
			"version": "4.0.0",
			"resolved": "https://registry.npmjs.org/data-uri-to-buffer/-/data-uri-to-buffer-4.0.0.tgz",
			"integrity": "sha512-Vr3mLBA8qWmcuschSLAOogKgQ/Jwxulv3RNE4FXnYWRGujzrRWQI4m12fQqRkwX06C0KanhLr4hK+GydchZsaA==",
			"engines": {
				"node": ">= 12"
			}
		},
		"node_modules/emoji-regex": {
			"version": "10.0.0",
			"resolved": "https://registry.npmjs.org/emoji-regex/-/emoji-regex-10.0.0.tgz",
			"integrity": "sha512-KmJa8l6uHi1HrBI34udwlzZY1jOEuID/ft4d8BSSEdRyap7PwBEt910453PJa5MuGvxkLqlt4Uvhu7tttFHViw=="
		},
		"node_modules/fetch-blob": {
			"version": "3.1.5",
			"resolved": "https://registry.npmjs.org/fetch-blob/-/fetch-blob-3.1.5.tgz",
			"integrity": "sha512-N64ZpKqoLejlrwkIAnb9iLSA3Vx/kjgzpcDhygcqJ2KKjky8nCgUQ+dzXtbrLaWZGZNmNfQTsiQ0weZ1svglHg==",
			"funding": [
				{
					"type": "github",
					"url": "https://github.com/sponsors/jimmywarting"
				},
				{
					"type": "paypal",
					"url": "https://paypal.me/jimmywarting"
				}
			],
			"dependencies": {
				"node-domexception": "^1.0.0",
				"web-streams-polyfill": "^3.0.3"
			},
			"engines": {
				"node": "^12.20 || >= 14.13"
			}
		},
		"node_modules/formdata-polyfill": {
			"version": "4.0.10",
			"resolved": "https://registry.npmjs.org/formdata-polyfill/-/formdata-polyfill-4.0.10.tgz",
			"integrity": "sha512-buewHzMvYL29jdeQTVILecSaZKnt/RJWjoZCF5OW60Z67/GmSLBkOFM7qh1PI3zFNtJbaZL5eQu1vLfazOwj4g==",
			"dependencies": {
				"fetch-blob": "^3.1.2"
			},
			"engines": {
				"node": ">=12.20.0"
			}
		},
		"node_modules/is-fullwidth-code-point": {
			"version": "4.0.0",
			"resolved": "https://registry.npmjs.org/is-fullwidth-code-point/-/is-fullwidth-code-point-4.0.0.tgz",
			"integrity": "sha512-O4L094N2/dZ7xqVdrXhh9r1KODPJpFms8B5sGdJLPy664AgvXsreZUyCQQNItZRDlYug4xStLjNp/sz3HvBowQ==",
			"engines": {
				"node": ">=12"
			},
			"funding": {
				"url": "https://github.com/sponsors/sindresorhus"
			}
		},
		"node_modules/node-domexception": {
			"version": "1.0.0",
			"resolved": "https://registry.npmjs.org/node-domexception/-/node-domexception-1.0.0.tgz",
			"integrity": "sha512-/jKZoMpw0F8GRwl4/eLROPA3cfcXtLApP0QzLmUT/HuPCZWyB7IY9ZrMeKw2O/nFIqPQB3PVM9aYm0F312AXDQ==",
			"funding": [
				{
					"type": "github",
					"url": "https://github.com/sponsors/jimmywarting"
				},
				{
					"type": "github",
					"url": "https://paypal.me/jimmywarting"
				}
			],
			"engines": {
				"node": ">=10.5.0"
			}
		},
		"node_modules/node-fetch": {
			"version": "3.2.4",
			"resolved": "https://registry.npmjs.org/node-fetch/-/node-fetch-3.2.4.tgz",
			"integrity": "sha512-WvYJRN7mMyOLurFR2YpysQGuwYrJN+qrrpHjJDuKMcSPdfFccRUla/kng2mz6HWSBxJcqPbvatS6Gb4RhOzCJw==",
			"dependencies": {
				"data-uri-to-buffer": "^4.0.0",
				"fetch-blob": "^3.1.4",
				"formdata-polyfill": "^4.0.10"
			},
			"engines": {
				"node": "^12.20.0 || ^14.13.1 || >=16.0.0"
			},
			"funding": {
				"type": "opencollective",
				"url": "https://opencollective.com/node-fetch"
			}
		},
		"node_modules/tunnel": {
			"version": "0.0.6",
			"resolved": "https://registry.npmjs.org/tunnel/-/tunnel-0.0.6.tgz",
			"integrity": "sha512-1h/Lnq9yajKY2PEbBadPXj3VxsDDu844OnaAo52UVmIzIvwwtBPIuNvkjuzBlTWpfJyUbG3ez0KSBibQkj4ojg==",
			"engines": {
				"node": ">=0.6.11 <=0.7.0 || >=0.7.3"
			}
		},
		"node_modules/web-streams-polyfill": {
			"version": "3.2.1",
			"resolved": "https://registry.npmjs.org/web-streams-polyfill/-/web-streams-polyfill-3.2.1.tgz",
			"integrity": "sha512-e0MO3wdXWKrLbL0DgGnUV7WHVuw9OUvL4hjgnPkIeEvESk74gAITi5G606JtZPp39cd8HA9VQzCIvA49LpPN5Q==",
			"engines": {
				"node": ">= 8"
			}
		}
	},
	"dependencies": {
		"@actions/core": {
			"version": "1.8.2",
			"resolved": "https://registry.npmjs.org/@actions/core/-/core-1.8.2.tgz",
			"integrity": "sha512-FXcBL7nyik8K5ODeCKlxi+vts7torOkoDAKfeh61EAkAy1HAvwn9uVzZBY0f15YcQTcZZ2/iSGBFHEuioZWfDA==",
			"requires": {
				"@actions/http-client": "^2.0.1"
			}
		},
		"@actions/http-client": {
			"version": "2.0.1",
			"resolved": "https://registry.npmjs.org/@actions/http-client/-/http-client-2.0.1.tgz",
			"integrity": "sha512-PIXiMVtz6VvyaRsGY268qvj57hXQEpsYogYOu2nrQhlf+XCGmZstmuZBbAybUl1nQGnvS1k1eEsQ69ZoD7xlSw==",
			"requires": {
				"tunnel": "^0.0.6"
			}
		},
		"@hugoalh/advanced-determine": {
			"version": "7.0.1",
			"resolved": "https://registry.npmjs.org/@hugoalh/advanced-determine/-/advanced-determine-7.0.1.tgz",
			"integrity": "sha512-HCD21qJ8td5xi3a2KNevQ4m/ey6KJK8tj8gRGzq8HpqweoJhRKS4hP6O7rnnbU9dbnAtU8o5515dDdJQBHyUmQ==",
			"requires": {
				"@hugoalh/undefinish": "^1.0.9"
			}
		},
		"@hugoalh/more-method": {
			"version": "0.7.0",
			"resolved": "https://registry.npmjs.org/@hugoalh/more-method/-/more-method-0.7.0.tgz",
			"integrity": "sha512-VcRKppvVaIOX74bdmSSXVMWn/v9LdU82nYTwUEZBYO4gLQsZ+wxeDCVwe9yWPjXD9zxmaxSCW2qAWORYd8GE/w==",
			"requires": {
				"@hugoalh/advanced-determine": "^7.0.0",
				"@hugoalh/repattern": "^0.6.0",
				"@hugoalh/undefinish": "^1.0.7",
				"ansi-regex": "^6.0.1",
				"char-regex": "^2.0.0",
				"emoji-regex": "^10.0.0",
				"is-fullwidth-code-point": "^4.0.0"
			}
		},
		"@hugoalh/repattern": {
			"version": "0.6.0",
			"resolved": "https://registry.npmjs.org/@hugoalh/repattern/-/repattern-0.6.0.tgz",
			"integrity": "sha512-wESHGZsrCyz+XYitGdHjju5jE2qIio+MaHZhH5PtPufyP/f/yUfXRi/IFKG+My2A5Q601TFeRgzw9+tUcJHs9w==",
			"requires": {
				"@hugoalh/advanced-determine": "^7.0.0",
				"@hugoalh/undefinish": "^1.0.7"
			}
		},
		"@hugoalh/undefinish": {
			"version": "1.0.9",
			"resolved": "https://registry.npmjs.org/@hugoalh/undefinish/-/undefinish-1.0.9.tgz",
			"integrity": "sha512-KYDSdesxkcErKtJALdZyX00xNLX1XZwUdnkh1E5NAehXWGtzLGVCMJQYcDlJj97REZGAbLinqnbu/e4fxen8wQ=="
		},
		"ansi-regex": {
			"version": "6.0.1",
			"resolved": "https://registry.npmjs.org/ansi-regex/-/ansi-regex-6.0.1.tgz",
			"integrity": "sha512-n5M855fKb2SsfMIiFFoVrABHJC8QtHwVx+mHWP3QcEqBHYienj5dHSgjbxtC0WEZXYt4wcD6zrQElDPhFuZgfA=="
		},
		"char-regex": {
			"version": "2.0.0",
			"resolved": "https://registry.npmjs.org/char-regex/-/char-regex-2.0.0.tgz",
			"integrity": "sha512-oGu2QekBMXgyQNWPDRQ001bjvDnZe4/zBTz37TMbiKz1NbNiyiH5hRkobe7npRN6GfbGbxMYFck/vQ1r9c1VMA=="
		},
		"data-uri-to-buffer": {
			"version": "4.0.0",
			"resolved": "https://registry.npmjs.org/data-uri-to-buffer/-/data-uri-to-buffer-4.0.0.tgz",
			"integrity": "sha512-Vr3mLBA8qWmcuschSLAOogKgQ/Jwxulv3RNE4FXnYWRGujzrRWQI4m12fQqRkwX06C0KanhLr4hK+GydchZsaA=="
		},
		"emoji-regex": {
			"version": "10.0.0",
			"resolved": "https://registry.npmjs.org/emoji-regex/-/emoji-regex-10.0.0.tgz",
			"integrity": "sha512-KmJa8l6uHi1HrBI34udwlzZY1jOEuID/ft4d8BSSEdRyap7PwBEt910453PJa5MuGvxkLqlt4Uvhu7tttFHViw=="
		},
		"fetch-blob": {
			"version": "3.1.5",
			"resolved": "https://registry.npmjs.org/fetch-blob/-/fetch-blob-3.1.5.tgz",
			"integrity": "sha512-N64ZpKqoLejlrwkIAnb9iLSA3Vx/kjgzpcDhygcqJ2KKjky8nCgUQ+dzXtbrLaWZGZNmNfQTsiQ0weZ1svglHg==",
			"requires": {
				"node-domexception": "^1.0.0",
				"web-streams-polyfill": "^3.0.3"
			}
		},
		"formdata-polyfill": {
			"version": "4.0.10",
			"resolved": "https://registry.npmjs.org/formdata-polyfill/-/formdata-polyfill-4.0.10.tgz",
			"integrity": "sha512-buewHzMvYL29jdeQTVILecSaZKnt/RJWjoZCF5OW60Z67/GmSLBkOFM7qh1PI3zFNtJbaZL5eQu1vLfazOwj4g==",
			"requires": {
				"fetch-blob": "^3.1.2"
			}
		},
		"is-fullwidth-code-point": {
			"version": "4.0.0",
			"resolved": "https://registry.npmjs.org/is-fullwidth-code-point/-/is-fullwidth-code-point-4.0.0.tgz",
			"integrity": "sha512-O4L094N2/dZ7xqVdrXhh9r1KODPJpFms8B5sGdJLPy664AgvXsreZUyCQQNItZRDlYug4xStLjNp/sz3HvBowQ=="
		},
		"node-domexception": {
			"version": "1.0.0",
			"resolved": "https://registry.npmjs.org/node-domexception/-/node-domexception-1.0.0.tgz",
			"integrity": "sha512-/jKZoMpw0F8GRwl4/eLROPA3cfcXtLApP0QzLmUT/HuPCZWyB7IY9ZrMeKw2O/nFIqPQB3PVM9aYm0F312AXDQ=="
		},
		"node-fetch": {
			"version": "3.2.4",
			"resolved": "https://registry.npmjs.org/node-fetch/-/node-fetch-3.2.4.tgz",
			"integrity": "sha512-WvYJRN7mMyOLurFR2YpysQGuwYrJN+qrrpHjJDuKMcSPdfFccRUla/kng2mz6HWSBxJcqPbvatS6Gb4RhOzCJw==",
			"requires": {
				"data-uri-to-buffer": "^4.0.0",
				"fetch-blob": "^3.1.4",
				"formdata-polyfill": "^4.0.10"
			}
		},
		"tunnel": {
			"version": "0.0.6",
			"resolved": "https://registry.npmjs.org/tunnel/-/tunnel-0.0.6.tgz",
			"integrity": "sha512-1h/Lnq9yajKY2PEbBadPXj3VxsDDu844OnaAo52UVmIzIvwwtBPIuNvkjuzBlTWpfJyUbG3ez0KSBibQkj4ojg=="
		},
		"web-streams-polyfill": {
			"version": "3.2.1",
			"resolved": "https://registry.npmjs.org/web-streams-polyfill/-/web-streams-polyfill-3.2.1.tgz",
			"integrity": "sha512-e0MO3wdXWKrLbL0DgGnUV7WHVuw9OUvL4hjgnPkIeEvESk74gAITi5G606JtZPp39cd8HA9VQzCIvA49LpPN5Q=="
		}
	}
}
