{
	"name": "trigger-ifttt-webhook-applet-ghaction",
	"version": "4.0.0-beta.4",
	"lockfileVersion": 1,
	"requires": true,
	"dependencies": {
		"@actions/core": {
			"version": "1.5.0",
			"resolved": "https://registry.npmjs.org/@actions/core/-/core-1.5.0.tgz",
			"integrity": "sha512-eDOLH1Nq9zh+PJlYLqEMkS/jLQxhksPNmUGNBHfa4G+tQmnIhzpctxmchETtVGyBOvXgOVVpYuE40+eS4cUnwQ=="
		},
		"@actions/github": {
			"version": "5.0.0",
			"resolved": "https://registry.npmjs.org/@actions/github/-/github-5.0.0.tgz",
			"integrity": "sha512-QvE9eAAfEsS+yOOk0cylLBIO/d6WyWIOvsxxzdrPFaud39G6BOkUwScXZn1iBzQzHyu9SBkkLSWlohDWdsasAQ==",
			"requires": {
				"@actions/http-client": "^1.0.11",
				"@octokit/core": "^3.4.0",
				"@octokit/plugin-paginate-rest": "^2.13.3",
				"@octokit/plugin-rest-endpoint-methods": "^5.1.1"
			}
		},
		"@actions/http-client": {
			"version": "1.0.11",
			"resolved": "https://registry.npmjs.org/@actions/http-client/-/http-client-1.0.11.tgz",
			"integrity": "sha512-VRYHGQV1rqnROJqdMvGUbY/Kn8vriQe/F9HR2AlYHzmKuM/p3kjNuXhmdBfcVgsvRWTz5C5XW5xvndZrVBuAYg==",
			"requires": {
				"tunnel": "0.0.6"
			}
		},
		"@hugoalh/advanced-determine": {
			"version": "6.1.1",
			"resolved": "https://registry.npmjs.org/@hugoalh/advanced-determine/-/advanced-determine-6.1.1.tgz",
			"integrity": "sha512-/Sf5xE75DguMZsMimNJwyZJ9LS7RpjVUNOnkFid/HmCdDlEEd7FgAf7d5wuLvUhXc5NVX0hCcI47LMzff7MiiA=="
		},
		"@hugoalh/more-method": {
			"version": "0.4.3",
			"resolved": "https://registry.npmjs.org/@hugoalh/more-method/-/more-method-0.4.3.tgz",
			"integrity": "sha512-Bh6ysL0r6wjhR7xIh5Z7WXyDXM3OjErp+p13oPU6hDB9SHcC0BUN7TJHGcXwMEjWdj4AueY5GE3n95hLPrYM9w==",
			"requires": {
				"@hugoalh/advanced-determine": "^6.0.7",
				"ansi-regex": "^6.0.0",
				"char-regex": "^2.0.0",
				"emoji-regex": "^9.2.2",
				"is-fullwidth-code-point": "^4.0.0"
			}
		},
		"@octokit/auth-token": {
			"version": "2.4.5",
			"resolved": "https://registry.npmjs.org/@octokit/auth-token/-/auth-token-2.4.5.tgz",
			"integrity": "sha512-BpGYsPgJt05M7/L/5FoE1PiAbdxXFZkX/3kDYcsvd1v6UhlnE5e96dTDr0ezX/EFwciQxf3cNV0loipsURU+WA==",
			"requires": {
				"@octokit/types": "^6.0.3"
			}
		},
		"@octokit/core": {
			"version": "3.5.1",
			"resolved": "https://registry.npmjs.org/@octokit/core/-/core-3.5.1.tgz",
			"integrity": "sha512-omncwpLVxMP+GLpLPgeGJBF6IWJFjXDS5flY5VbppePYX9XehevbDykRH9PdCdvqt9TS5AOTiDide7h0qrkHjw==",
			"requires": {
				"@octokit/auth-token": "^2.4.4",
				"@octokit/graphql": "^4.5.8",
				"@octokit/request": "^5.6.0",
				"@octokit/request-error": "^2.0.5",
				"@octokit/types": "^6.0.3",
				"before-after-hook": "^2.2.0",
				"universal-user-agent": "^6.0.0"
			}
		},
		"@octokit/endpoint": {
			"version": "6.0.12",
			"resolved": "https://registry.npmjs.org/@octokit/endpoint/-/endpoint-6.0.12.tgz",
			"integrity": "sha512-lF3puPwkQWGfkMClXb4k/eUT/nZKQfxinRWJrdZaJO85Dqwo/G0yOC434Jr2ojwafWJMYqFGFa5ms4jJUgujdA==",
			"requires": {
				"@octokit/types": "^6.0.3",
				"is-plain-object": "^5.0.0",
				"universal-user-agent": "^6.0.0"
			}
		},
		"@octokit/graphql": {
			"version": "4.6.4",
			"resolved": "https://registry.npmjs.org/@octokit/graphql/-/graphql-4.6.4.tgz",
			"integrity": "sha512-SWTdXsVheRmlotWNjKzPOb6Js6tjSqA2a8z9+glDJng0Aqjzti8MEWOtuT8ZSu6wHnci7LZNuarE87+WJBG4vg==",
			"requires": {
				"@octokit/request": "^5.6.0",
				"@octokit/types": "^6.0.3",
				"universal-user-agent": "^6.0.0"
			}
		},
		"@octokit/openapi-types": {
			"version": "9.7.0",
			"resolved": "https://registry.npmjs.org/@octokit/openapi-types/-/openapi-types-9.7.0.tgz",
			"integrity": "sha512-TUJ16DJU8mekne6+KVcMV5g6g/rJlrnIKn7aALG9QrNpnEipFc1xjoarh0PKaAWf2Hf+HwthRKYt+9mCm5RsRg=="
		},
		"@octokit/plugin-paginate-rest": {
			"version": "2.15.1",
			"resolved": "https://registry.npmjs.org/@octokit/plugin-paginate-rest/-/plugin-paginate-rest-2.15.1.tgz",
			"integrity": "sha512-47r52KkhQDkmvUKZqXzA1lKvcyJEfYh3TKAIe5+EzMeyDM3d+/s5v11i2gTk8/n6No6DPi3k5Ind6wtDbo/AEg==",
			"requires": {
				"@octokit/types": "^6.24.0"
			}
		},
		"@octokit/plugin-rest-endpoint-methods": {
			"version": "5.8.0",
			"resolved": "https://registry.npmjs.org/@octokit/plugin-rest-endpoint-methods/-/plugin-rest-endpoint-methods-5.8.0.tgz",
			"integrity": "sha512-qeLZZLotNkoq+it6F+xahydkkbnvSK0iDjlXFo3jNTB+Ss0qIbYQb9V/soKLMkgGw8Q2sHjY5YEXiA47IVPp4A==",
			"requires": {
				"@octokit/types": "^6.25.0",
				"deprecation": "^2.3.1"
			}
		},
		"@octokit/request": {
			"version": "5.6.1",
			"resolved": "https://registry.npmjs.org/@octokit/request/-/request-5.6.1.tgz",
			"integrity": "sha512-Ls2cfs1OfXaOKzkcxnqw5MR6drMA/zWX/LIS/p8Yjdz7QKTPQLMsB3R+OvoxE6XnXeXEE2X7xe4G4l4X0gRiKQ==",
			"requires": {
				"@octokit/endpoint": "^6.0.1",
				"@octokit/request-error": "^2.1.0",
				"@octokit/types": "^6.16.1",
				"is-plain-object": "^5.0.0",
				"node-fetch": "^2.6.1",
				"universal-user-agent": "^6.0.0"
			}
		},
		"@octokit/request-error": {
			"version": "2.1.0",
			"resolved": "https://registry.npmjs.org/@octokit/request-error/-/request-error-2.1.0.tgz",
			"integrity": "sha512-1VIvgXxs9WHSjicsRwq8PlR2LR2x6DwsJAaFgzdi0JfJoGSO8mYI/cHJQ+9FbN21aa+DrgNLnwObmyeSC8Rmpg==",
			"requires": {
				"@octokit/types": "^6.0.3",
				"deprecation": "^2.0.0",
				"once": "^1.4.0"
			}
		},
		"@octokit/types": {
			"version": "6.25.0",
			"resolved": "https://registry.npmjs.org/@octokit/types/-/types-6.25.0.tgz",
			"integrity": "sha512-bNvyQKfngvAd/08COlYIN54nRgxskmejgywodizQNyiKoXmWRAjKup2/LYwm+T9V0gsKH6tuld1gM0PzmOiB4Q==",
			"requires": {
				"@octokit/openapi-types": "^9.5.0"
			}
		},
		"ansi-regex": {
			"version": "6.0.0",
			"resolved": "https://registry.npmjs.org/ansi-regex/-/ansi-regex-6.0.0.tgz",
			"integrity": "sha512-tAaOSrWCHF+1Ear1Z4wnJCXA9GGox4K6Ic85a5qalES2aeEwQGr7UC93mwef49536PkCYjzkp0zIxfFvexJ6zQ=="
		},
		"before-after-hook": {
			"version": "2.2.2",
			"resolved": "https://registry.npmjs.org/before-after-hook/-/before-after-hook-2.2.2.tgz",
			"integrity": "sha512-3pZEU3NT5BFUo/AD5ERPWOgQOCZITni6iavr5AUw5AUwQjMlI0kzu5btnyD39AF0gUEsDPwJT+oY1ORBJijPjQ=="
		},
		"char-regex": {
			"version": "2.0.0",
			"resolved": "https://registry.npmjs.org/char-regex/-/char-regex-2.0.0.tgz",
			"integrity": "sha512-oGu2QekBMXgyQNWPDRQ001bjvDnZe4/zBTz37TMbiKz1NbNiyiH5hRkobe7npRN6GfbGbxMYFck/vQ1r9c1VMA=="
		},
		"deprecation": {
			"version": "2.3.1",
			"resolved": "https://registry.npmjs.org/deprecation/-/deprecation-2.3.1.tgz",
			"integrity": "sha512-xmHIy4F3scKVwMsQ4WnVaS8bHOx0DmVwRywosKhaILI0ywMDWPtBSku2HNxRvF7jtwDRsoEwYQSfbxj8b7RlJQ=="
		},
		"emoji-regex": {
			"version": "9.2.2",
			"resolved": "https://registry.npmjs.org/emoji-regex/-/emoji-regex-9.2.2.tgz",
			"integrity": "sha512-L18DaJsXSUk2+42pv8mLs5jJT2hqFkFE4j21wOmgbUqsZ2hL72NsUU785g9RXgo3s0ZNgVl42TiHp3ZtOv/Vyg=="
		},
		"error-ex": {
			"version": "1.3.2",
			"resolved": "https://registry.npmjs.org/error-ex/-/error-ex-1.3.2.tgz",
			"integrity": "sha512-7dFHNmqeFSEt2ZBsCriorKnn3Z2pj+fd9kmI6QoWw4//DL+icEBfc0U7qJCisqrTsKTjw4fNFy2pW9OqStD84g==",
			"requires": {
				"is-arrayish": "^0.2.1"
			}
		},
		"fast-safe-stringify": {
			"version": "2.0.8",
			"resolved": "https://registry.npmjs.org/fast-safe-stringify/-/fast-safe-stringify-2.0.8.tgz",
			"integrity": "sha512-lXatBjf3WPjmWD6DpIZxkeSsCOwqI0maYMpgDlx8g4U2qi4lbjA9oH/HD2a87G+KfsUmo5WbJFmqBZlPxtptag=="
		},
		"graceful-fs": {
			"version": "4.2.8",
			"resolved": "https://registry.npmjs.org/graceful-fs/-/graceful-fs-4.2.8.tgz",
			"integrity": "sha512-qkIilPUYcNhJpd33n0GBXTB1MMPp14TxEsEs0pTrsSVucApsYzW5V+Q8Qxhik6KU3evy+qkAAowTByymK0avdg=="
		},
		"is-arrayish": {
			"version": "0.2.1",
			"resolved": "https://registry.npmjs.org/is-arrayish/-/is-arrayish-0.2.1.tgz",
			"integrity": "sha1-d8mYQFJ6qOyxqLppe4BkWnqSap0="
		},
		"is-fullwidth-code-point": {
			"version": "4.0.0",
			"resolved": "https://registry.npmjs.org/is-fullwidth-code-point/-/is-fullwidth-code-point-4.0.0.tgz",
			"integrity": "sha512-O4L094N2/dZ7xqVdrXhh9r1KODPJpFms8B5sGdJLPy664AgvXsreZUyCQQNItZRDlYug4xStLjNp/sz3HvBowQ=="
		},
		"is-plain-object": {
			"version": "5.0.0",
			"resolved": "https://registry.npmjs.org/is-plain-object/-/is-plain-object-5.0.0.tgz",
			"integrity": "sha512-VRSzKkbMm5jMDoKLbltAkFQ5Qr7VDiTFGXxYFXXowVj387GeGNOCsOH6Msy00SGZ3Fp84b1Naa1psqgcCIEP5Q=="
		},
		"json-parse-better-errors": {
			"version": "1.0.2",
			"resolved": "https://registry.npmjs.org/json-parse-better-errors/-/json-parse-better-errors-1.0.2.tgz",
			"integrity": "sha512-mrqyZKfX5EhL7hvqcV6WG1yYjnjeuYDzDhhcAAUrq8Po85NBQBJP+ZDUT75qZQ98IkUoBqdkExkukOU7Ts2wrw=="
		},
		"jsonc": {
			"version": "2.0.0",
			"resolved": "https://registry.npmjs.org/jsonc/-/jsonc-2.0.0.tgz",
			"integrity": "sha512-B281bLCT2TRMQa+AQUQY5AGcqSOXBOKaYGP4wDzoA/+QswUfN8sODektbPEs9Baq7LGKun5jQbNFpzwGuVYKhw==",
			"requires": {
				"fast-safe-stringify": "^2.0.6",
				"graceful-fs": "^4.1.15",
				"mkdirp": "^0.5.1",
				"parse-json": "^4.0.0",
				"strip-bom": "^4.0.0",
				"strip-json-comments": "^3.0.1"
			}
		},
		"minimist": {
			"version": "1.2.5",
			"resolved": "https://registry.npmjs.org/minimist/-/minimist-1.2.5.tgz",
			"integrity": "sha512-FM9nNUYrRBAELZQT3xeZQ7fmMOBg6nWNmJKTcgsJeaLstP/UODVpGsr5OhXhhXg6f+qtJ8uiZ+PUxkDWcgIXLw=="
		},
		"mkdirp": {
			"version": "0.5.5",
			"resolved": "https://registry.npmjs.org/mkdirp/-/mkdirp-0.5.5.tgz",
			"integrity": "sha512-NKmAlESf6jMGym1++R0Ra7wvhV+wFW63FaSOFPwRahvea0gMUcGUhVeAg/0BC0wiv9ih5NYPB1Wn1UEI1/L+xQ==",
			"requires": {
				"minimist": "^1.2.5"
			}
		},
		"node-fetch": {
			"version": "2.6.1",
			"resolved": "https://registry.npmjs.org/node-fetch/-/node-fetch-2.6.1.tgz",
			"integrity": "sha512-V4aYg89jEoVRxRb2fJdAg8FHvI7cEyYdVAh94HH0UIK8oJxUfkjlDQN9RbMx+bEjP7+ggMiFRprSti032Oipxw=="
		},
		"once": {
			"version": "1.4.0",
			"resolved": "https://registry.npmjs.org/once/-/once-1.4.0.tgz",
			"integrity": "sha1-WDsap3WWHUsROsF9nFC6753Xa9E=",
			"requires": {
				"wrappy": "1"
			}
		},
		"parse-json": {
			"version": "4.0.0",
			"resolved": "https://registry.npmjs.org/parse-json/-/parse-json-4.0.0.tgz",
			"integrity": "sha1-vjX1Qlvh9/bHRxhPmKeIy5lHfuA=",
			"requires": {
				"error-ex": "^1.3.1",
				"json-parse-better-errors": "^1.0.1"
			}
		},
		"strip-bom": {
			"version": "4.0.0",
			"resolved": "https://registry.npmjs.org/strip-bom/-/strip-bom-4.0.0.tgz",
			"integrity": "sha512-3xurFv5tEgii33Zi8Jtp55wEIILR9eh34FAW00PZf+JnSsTmV/ioewSgQl97JHvgjoRGwPShsWm+IdrxB35d0w=="
		},
		"strip-json-comments": {
			"version": "3.1.1",
			"resolved": "https://registry.npmjs.org/strip-json-comments/-/strip-json-comments-3.1.1.tgz",
			"integrity": "sha512-6fPc+R4ihwqP6N/aIv2f1gMH8lOVtWQHoqC4yK6oSDVVocumAsfCqjkXnqiYMhmMwS/mEHLp7Vehlt3ql6lEig=="
		},
		"tunnel": {
			"version": "0.0.6",
			"resolved": "https://registry.npmjs.org/tunnel/-/tunnel-0.0.6.tgz",
			"integrity": "sha512-1h/Lnq9yajKY2PEbBadPXj3VxsDDu844OnaAo52UVmIzIvwwtBPIuNvkjuzBlTWpfJyUbG3ez0KSBibQkj4ojg=="
		},
		"universal-user-agent": {
			"version": "6.0.0",
			"resolved": "https://registry.npmjs.org/universal-user-agent/-/universal-user-agent-6.0.0.tgz",
			"integrity": "sha512-isyNax3wXoKaulPDZWHQqbmIx1k2tb9fb3GGDBRxCscfYV2Ch7WxPArBsFEG8s/safwXTT7H4QGhaIkTp9447w=="
		},
		"wrappy": {
			"version": "1.0.2",
			"resolved": "https://registry.npmjs.org/wrappy/-/wrappy-1.0.2.tgz",
			"integrity": "sha1-tSQ9jz7BqjXxNkYFvA0QNuMKtp8="
		},
		"yaml": {
			"version": "1.10.2",
			"resolved": "https://registry.npmjs.org/yaml/-/yaml-1.10.2.tgz",
			"integrity": "sha512-r3vXyErRCYJ7wg28yvBY5VSoAF8ZvlcW9/BwUzEtUsjvX/DKs24dIkuwjtuprwJJHsbyUbLApepYTR1BN4uHrg=="
		}
	}
}
